
Microsoft Visual Studio Solution File, Format Version 12.00
# Visual Studio Version 16
VisualStudioVersion = 16.0.30907.101
MinimumVisualStudioVersion = 10.0.40219.1
Project("{FAE04EC0-301F-11D3-BF4B-00C04F79EFBC}") = "lab04", "lab04\lab04.csproj", "{9F982C9E-99AA-437E-BF35-D4564CDF16FC}"
EndProject
Global
	GlobalSection(SolutionConfigurationPlatforms) = preSolution
		Debug|Any CPU = Debug|Any CPU
		Release|Any CPU = Release|Any CPU
	EndGlobalSection
	GlobalSection(ProjectConfigurationPlatforms) = postSolution
		{9F982C9E-99AA-437E-BF35-D4564CDF16FC}.Debug|Any CPU.ActiveCfg = Debug|Any CPU
		{9F982C9E-99AA-437E-BF35-D4564CDF16FC}.Debug|Any CPU.Build.0 = Debug|Any CPU
		{9F982C9E-99AA-437E-BF35-D4564CDF16FC}.Release|Any CPU.ActiveCfg = Release|Any CPU
		{9F982C9E-99AA-437E-BF35-D4564CDF16FC}.Release|Any CPU.Build.0 = Release|Any CPU
	EndGlobalSection
	GlobalSection(SolutionProperties) = preSolution
		HideSolutionNode = FALSE
	EndGlobalSection
	GlobalSection(ExtensibilityGlobals) = postSolution
		SolutionGuid = {78CB823E-1C36-4C43-88F6-CD8AF8D07DB5}
	EndGlobalSection
EndGlobal
